<Solution>
  <Project Path="LivelyAnimationEngine/LivelyAnimationEngine.csproj" Id="2e14f3b9-377b-429c-914b-ae09f99556dc" />
  <Project Path="PCSMNext.App/PCSMNext.App.csproj" />
  <Project Path="PCSMNext.Core/PCSMNext.Core.csproj" />
  <Project Path="PCSMNext.Services/PCSMNext.Services.csproj" />
</Solution>
